
Microsoft Visual Studio Solution File, Format Version 12.00
# Visual Studio Version 16
VisualStudioVersion = 16.0.30717.126
MinimumVisualStudioVersion = 10.0.40219.1
Project("{2150E333-8FDC-42A3-9474-1A3956D46DE8}") = "0 - Presentation", "0 - Presentation", "{A8BC1941-8514-4535-B858-4B847F413AB6}"
EndProject
Project("{2150E333-8FDC-42A3-9474-1A3956D46DE8}") = "1 - Application", "1 - Application", "{54482D7A-4A42-4319-9ACC-0A624AF89A21}"
EndProject
Project("{2150E333-8FDC-42A3-9474-1A3956D46DE8}") = "2 - Services", "2 - Services", "{930D6F7D-667E-4371-8BA4-053336040F67}"
EndProject
Project("{2150E333-8FDC-42A3-9474-1A3956D46DE8}") = "3 - Domain", "3 - Domain", "{0B190E9D-9B30-4F7B-B1CC-CD560C7FB016}"
EndProject
Project("{2150E333-8FDC-42A3-9474-1A3956D46DE8}") = "4 - Infra", "4 - Infra", "{9C94D971-FE0B-4B1C-B243-22FEC409B73A}"
EndProject
Project("{FAE04EC0-301F-11D3-BF4B-00C04F79EFBC}") = "FireBank.Domain", "FireBank.Domain\FireBank.Domain.csproj", "{E09540B1-CF2E-4E35-B727-BC58CADC3B55}"
EndProject
Project("{2150E333-8FDC-42A3-9474-1A3956D46DE8}") = "Data", "Data", "{8557E930-6B10-4837-9E09-5663239AEEF0}"
EndProject
Project("{FAE04EC0-301F-11D3-BF4B-00C04F79EFBC}") = "FireBank.Infra.Data", "FireBank.Infra.Data\FireBank.Infra.Data.csproj", "{A9E903C1-1DED-4AE1-B997-A5C21B57B87F}"
EndProject
Project("{2150E333-8FDC-42A3-9474-1A3956D46DE8}") = "5 - Tests", "5 - Tests", "{B2CF7828-9811-4861-BAD5-76AC8B4AE359}"
EndProject
Project("{FAE04EC0-301F-11D3-BF4B-00C04F79EFBC}") = "FireBank.Tests", "FireBank.Tests\FireBank.Tests.csproj", "{F0C5B169-D0A9-4C6A-8925-3C216B45B996}"
EndProject
Project("{FAE04EC0-301F-11D3-BF4B-00C04F79EFBC}") = "FireBank.WebApi", "FireBank.WebApi\FireBank.WebApi.csproj", "{BA7815CF-F4C1-4D18-8E16-92C33E3CA519}"
EndProject
Project("{FAE04EC0-301F-11D3-BF4B-00C04F79EFBC}") = "FireBank.Service", "FireBank.Service\FireBank.Service.csproj", "{A8BEFAFD-99A8-4317-8B88-CFE70DFC7949}"
EndProject
Project("{FAE04EC0-301F-11D3-BF4B-00C04F79EFBC}") = "FireBank.Application", "FireBank.Application\FireBank.Application.csproj", "{9F4B1C8C-6968-4C9F-A70A-4CDD0113E076}"
EndProject
Global
	GlobalSection(SolutionConfigurationPlatforms) = preSolution
		Debug|Any CPU = Debug|Any CPU
		Release|Any CPU = Release|Any CPU
	EndGlobalSection
	GlobalSection(ProjectConfigurationPlatforms) = postSolution
		{E09540B1-CF2E-4E35-B727-BC58CADC3B55}.Debug|Any CPU.ActiveCfg = Debug|Any CPU
		{E09540B1-CF2E-4E35-B727-BC58CADC3B55}.Debug|Any CPU.Build.0 = Debug|Any CPU
		{E09540B1-CF2E-4E35-B727-BC58CADC3B55}.Release|Any CPU.ActiveCfg = Release|Any CPU
		{E09540B1-CF2E-4E35-B727-BC58CADC3B55}.Release|Any CPU.Build.0 = Release|Any CPU
		{A9E903C1-1DED-4AE1-B997-A5C21B57B87F}.Debug|Any CPU.ActiveCfg = Debug|Any CPU
		{A9E903C1-1DED-4AE1-B997-A5C21B57B87F}.Debug|Any CPU.Build.0 = Debug|Any CPU
		{A9E903C1-1DED-4AE1-B997-A5C21B57B87F}.Release|Any CPU.ActiveCfg = Release|Any CPU
		{A9E903C1-1DED-4AE1-B997-A5C21B57B87F}.Release|Any CPU.Build.0 = Release|Any CPU
		{F0C5B169-D0A9-4C6A-8925-3C216B45B996}.Debug|Any CPU.ActiveCfg = Debug|Any CPU
		{F0C5B169-D0A9-4C6A-8925-3C216B45B996}.Debug|Any CPU.Build.0 = Debug|Any CPU
		{F0C5B169-D0A9-4C6A-8925-3C216B45B996}.Release|Any CPU.ActiveCfg = Release|Any CPU
		{F0C5B169-D0A9-4C6A-8925-3C216B45B996}.Release|Any CPU.Build.0 = Release|Any CPU
		{BA7815CF-F4C1-4D18-8E16-92C33E3CA519}.Debug|Any CPU.ActiveCfg = Debug|Any CPU
		{BA7815CF-F4C1-4D18-8E16-92C33E3CA519}.Debug|Any CPU.Build.0 = Debug|Any CPU
		{BA7815CF-F4C1-4D18-8E16-92C33E3CA519}.Release|Any CPU.ActiveCfg = Release|Any CPU
		{BA7815CF-F4C1-4D18-8E16-92C33E3CA519}.Release|Any CPU.Build.0 = Release|Any CPU
		{A8BEFAFD-99A8-4317-8B88-CFE70DFC7949}.Debug|Any CPU.ActiveCfg = Debug|Any CPU
		{A8BEFAFD-99A8-4317-8B88-CFE70DFC7949}.Debug|Any CPU.Build.0 = Debug|Any CPU
		{A8BEFAFD-99A8-4317-8B88-CFE70DFC7949}.Release|Any CPU.ActiveCfg = Release|Any CPU
		{A8BEFAFD-99A8-4317-8B88-CFE70DFC7949}.Release|Any CPU.Build.0 = Release|Any CPU
		{9F4B1C8C-6968-4C9F-A70A-4CDD0113E076}.Debug|Any CPU.ActiveCfg = Debug|Any CPU
		{9F4B1C8C-6968-4C9F-A70A-4CDD0113E076}.Debug|Any CPU.Build.0 = Debug|Any CPU
		{9F4B1C8C-6968-4C9F-A70A-4CDD0113E076}.Release|Any CPU.ActiveCfg = Release|Any CPU
		{9F4B1C8C-6968-4C9F-A70A-4CDD0113E076}.Release|Any CPU.Build.0 = Release|Any CPU
	EndGlobalSection
	GlobalSection(SolutionProperties) = preSolution
		HideSolutionNode = FALSE
	EndGlobalSection
	GlobalSection(NestedProjects) = preSolution
		{E09540B1-CF2E-4E35-B727-BC58CADC3B55} = {0B190E9D-9B30-4F7B-B1CC-CD560C7FB016}
		{8557E930-6B10-4837-9E09-5663239AEEF0} = {9C94D971-FE0B-4B1C-B243-22FEC409B73A}
		{A9E903C1-1DED-4AE1-B997-A5C21B57B87F} = {8557E930-6B10-4837-9E09-5663239AEEF0}
		{F0C5B169-D0A9-4C6A-8925-3C216B45B996} = {B2CF7828-9811-4861-BAD5-76AC8B4AE359}
		{BA7815CF-F4C1-4D18-8E16-92C33E3CA519} = {A8BC1941-8514-4535-B858-4B847F413AB6}
		{A8BEFAFD-99A8-4317-8B88-CFE70DFC7949} = {930D6F7D-667E-4371-8BA4-053336040F67}
		{9F4B1C8C-6968-4C9F-A70A-4CDD0113E076} = {54482D7A-4A42-4319-9ACC-0A624AF89A21}
	EndGlobalSection
	GlobalSection(ExtensibilityGlobals) = postSolution
		SolutionGuid = {A1DF3D2D-3376-4C70-951F-B1D5B97756FC}
	EndGlobalSection
EndGlobal
